
Microsoft Visual Studio Solution File, Format Version 12.00
# Visual Studio Version 17
VisualStudioVersion = 17.4.33205.214
MinimumVisualStudioVersion = 10.0.40219.1
Project("{FAE04EC0-301F-11D3-BF4B-00C04F79EFBC}") = "Notes", "Notes\Notes.csproj", "{AE0E9C5E-2EE9-4468-B9E3-DEF2FAE80D48}"
EndProject
Project("{FAE04EC0-301F-11D3-BF4B-00C04F79EFBC}") = "UserXUnitTest", "UserXUnitTest\UserXUnitTest.csproj", "{6288AE94-AB6B-49D7-8CA5-FFA5DC759CD1}"
EndProject
Global
	GlobalSection(SolutionConfigurationPlatforms) = preSolution
		Debug|Any CPU = Debug|Any CPU
		Release|Any CPU = Release|Any CPU
	EndGlobalSection
	GlobalSection(ProjectConfigurationPlatforms) = postSolution
		{AE0E9C5E-2EE9-4468-B9E3-DEF2FAE80D48}.Debug|Any CPU.ActiveCfg = Debug|Any CPU
		{AE0E9C5E-2EE9-4468-B9E3-DEF2FAE80D48}.Debug|Any CPU.Build.0 = Debug|Any CPU
		{AE0E9C5E-2EE9-4468-B9E3-DEF2FAE80D48}.Release|Any CPU.ActiveCfg = Release|Any CPU
		{AE0E9C5E-2EE9-4468-B9E3-DEF2FAE80D48}.Release|Any CPU.Build.0 = Release|Any CPU
		{6288AE94-AB6B-49D7-8CA5-FFA5DC759CD1}.Debug|Any CPU.ActiveCfg = Debug|Any CPU
		{6288AE94-AB6B-49D7-8CA5-FFA5DC759CD1}.Debug|Any CPU.Build.0 = Debug|Any CPU
		{6288AE94-AB6B-49D7-8CA5-FFA5DC759CD1}.Release|Any CPU.ActiveCfg = Release|Any CPU
		{6288AE94-AB6B-49D7-8CA5-FFA5DC759CD1}.Release|Any CPU.Build.0 = Release|Any CPU
	EndGlobalSection
	GlobalSection(SolutionProperties) = preSolution
		HideSolutionNode = FALSE
	EndGlobalSection
	GlobalSection(ExtensibilityGlobals) = postSolution
		SolutionGuid = {2F8D39F5-4E0B-4BAC-9F64-20B2F5E29F26}
	EndGlobalSection
EndGlobal
